
Microsoft Visual Studio Solution File, Format Version 12.00
# Visual Studio Version 17
VisualStudioVersion = 17.7.34031.279
MinimumVisualStudioVersion = 10.0.40219.1
Project("{9A19103F-16F7-4668-BE54-9A1E7A4F7556}") = "demoinfo_lambda", "demoinfo_lambda.csproj", "{3355464F-1E07-40ED-A7F2-7C639A5AD4A4}"
EndProject
Global
	GlobalSection(SolutionConfigurationPlatforms) = preSolution
		Debug|Any CPU = Debug|Any CPU
		Release|Any CPU = Release|Any CPU
	EndGlobalSection
	GlobalSection(ProjectConfigurationPlatforms) = postSolution
		{3355464F-1E07-40ED-A7F2-7C639A5AD4A4}.Debug|Any CPU.ActiveCfg = Debug|Any CPU
		{3355464F-1E07-40ED-A7F2-7C639A5AD4A4}.Debug|Any CPU.Build.0 = Debug|Any CPU
		{3355464F-1E07-40ED-A7F2-7C639A5AD4A4}.Release|Any CPU.ActiveCfg = Release|Any CPU
		{3355464F-1E07-40ED-A7F2-7C639A5AD4A4}.Release|Any CPU.Build.0 = Release|Any CPU
	EndGlobalSection
	GlobalSection(SolutionProperties) = preSolution
		HideSolutionNode = FALSE
	EndGlobalSection
	GlobalSection(ExtensibilityGlobals) = postSolution
		SolutionGuid = {CEBEA1A5-E56F-4D25-80A6-4DB23421FA7D}
	EndGlobalSection
EndGlobal
